
Microsoft Visual Studio Solution File, Format Version 12.00
# Visual Studio Version 17
VisualStudioVersion = 17.12.35707.178
MinimumVisualStudioVersion = 10.0.40219.1
Project("{FAE04EC0-301F-11D3-BF4B-00C04F79EFBC}") = "MCD", "MCD\MCD.csproj", "{382E54C0-43E0-4883-9C3D-92CB983BD7E7}"
EndProject
Project("{FAE04EC0-301F-11D3-BF4B-00C04F79EFBC}") = "MCD.DataAccess", "MCD.DataAccess\MCD.DataAccess.csproj", "{79B3F456-0842-40FD-9C64-0EE7586B85C5}"
EndProject
Project("{FAE04EC0-301F-11D3-BF4B-00C04F79EFBC}") = "MCD.Models", "MCD.Models\MCD.Models.csproj", "{F03E62EA-EBE4-4B64-A3CC-1A1C2E19FDF0}"
EndProject
Project("{FAE04EC0-301F-11D3-BF4B-00C04F79EFBC}") = "MCD.Utility", "MCD.Utility\MCD.Utility.csproj", "{92B858A8-740E-4FA2-B47A-423FC63FB360}"
	ProjectSection(ProjectDependencies) = postProject
		{F03E62EA-EBE4-4B64-A3CC-1A1C2E19FDF0} = {F03E62EA-EBE4-4B64-A3CC-1A1C2E19FDF0}
	EndProjectSection
EndProject
Global
	GlobalSection(SolutionConfigurationPlatforms) = preSolution
		Debug|Any CPU = Debug|Any CPU
		Release|Any CPU = Release|Any CPU
	EndGlobalSection
	GlobalSection(ProjectConfigurationPlatforms) = postSolution
		{382E54C0-43E0-4883-9C3D-92CB983BD7E7}.Debug|Any CPU.ActiveCfg = Debug|Any CPU
		{382E54C0-43E0-4883-9C3D-92CB983BD7E7}.Debug|Any CPU.Build.0 = Debug|Any CPU
		{382E54C0-43E0-4883-9C3D-92CB983BD7E7}.Release|Any CPU.ActiveCfg = Release|Any CPU
		{382E54C0-43E0-4883-9C3D-92CB983BD7E7}.Release|Any CPU.Build.0 = Release|Any CPU
		{79B3F456-0842-40FD-9C64-0EE7586B85C5}.Debug|Any CPU.ActiveCfg = Debug|Any CPU
		{79B3F456-0842-40FD-9C64-0EE7586B85C5}.Debug|Any CPU.Build.0 = Debug|Any CPU
		{79B3F456-0842-40FD-9C64-0EE7586B85C5}.Release|Any CPU.ActiveCfg = Release|Any CPU
		{79B3F456-0842-40FD-9C64-0EE7586B85C5}.Release|Any CPU.Build.0 = Release|Any CPU
		{F03E62EA-EBE4-4B64-A3CC-1A1C2E19FDF0}.Debug|Any CPU.ActiveCfg = Debug|Any CPU
		{F03E62EA-EBE4-4B64-A3CC-1A1C2E19FDF0}.Debug|Any CPU.Build.0 = Debug|Any CPU
		{F03E62EA-EBE4-4B64-A3CC-1A1C2E19FDF0}.Release|Any CPU.ActiveCfg = Release|Any CPU
		{F03E62EA-EBE4-4B64-A3CC-1A1C2E19FDF0}.Release|Any CPU.Build.0 = Release|Any CPU
		{92B858A8-740E-4FA2-B47A-423FC63FB360}.Debug|Any CPU.ActiveCfg = Debug|Any CPU
		{92B858A8-740E-4FA2-B47A-423FC63FB360}.Debug|Any CPU.Build.0 = Debug|Any CPU
		{92B858A8-740E-4FA2-B47A-423FC63FB360}.Release|Any CPU.ActiveCfg = Release|Any CPU
		{92B858A8-740E-4FA2-B47A-423FC63FB360}.Release|Any CPU.Build.0 = Release|Any CPU
	EndGlobalSection
	GlobalSection(SolutionProperties) = preSolution
		HideSolutionNode = FALSE
	EndGlobalSection
	GlobalSection(ExtensibilityGlobals) = postSolution
		SolutionGuid = {01576357-8437-4D31-9CDC-4AF92E9A67AC}
	EndGlobalSection
EndGlobal
